// !$*UTF8*$!
{
	archiveVersion = 1;
	classes = {
	};
	objectVersion = 54;
	objects = {

/* Begin PBXBuildFile section */
		00998193128D13FBAFCC9533 /* StreamingIntegrationService.swift in Sources */ = {isa = PBXBuildFile; fileRef = D530B66C5A7054DE12CA6688 /* StreamingIntegrationService.swift */; };
		030C51C066427EEA670F8396 /* BreathingPatternVisualizerView.swift in Sources */ = {isa = PBXBuildFile; fileRef = DAD343657A2FD0D93BE5FA7D /* BreathingPatternVisualizerView.swift */; };
		087FF1BF1DD1C584BBAB2895 /* AnalyticsService.swift in Sources */ = {isa = PBXBuildFile; fileRef = 824D00C8F94FBA05E4969562 /* AnalyticsService.swift */; };
		0CB25535BC06D2DA468C231D /* Theme.swift in Sources */ = {isa = PBXBuildFile; fileRef = 142DB74B4AF03294DAAECDDD /* Theme.swift */; };
		1298257D7515C22F46BDCA09 /* AIInsightsService.swift in Sources */ = {isa = PBXBuildFile; fileRef = 7A9EE260BD928B4392193FF0 /* AIInsightsService.swift */; };
		13472A34738EFC139375CD30 /* Localizable_de.strings in Resources */ = {isa = PBXBuildFile; fileRef = 743592788798FF5610BDF938 /* Localizable_de.strings */; };
		13D990EE6DBC8DB7ED73B53D /* OrbView.swift in Sources */ = {isa = PBXBuildFile; fileRef = E65D20E36C03A3188A11786E /* OrbView.swift */; };
		142ED1C2CEBBE479129FB3F7 /* BreathingSession.swift in Sources */ = {isa = PBXBuildFile; fileRef = 9D90BB884685E847D8CD4146 /* BreathingSession.swift */; };
		16A15952123063900FF40533 /* ErrorStateView.swift in Sources */ = {isa = PBXBuildFile; fileRef = E6331B7BDAD97770FC174ACD /* ErrorStateView.swift */; };
		2520C8C1D89339BAA514F12E /* PatternSelectionView.swift in Sources */ = {isa = PBXBuildFile; fileRef = 834F4F70315E2B75900F555A /* PatternSelectionView.swift */; };
		262A81B53F88291DBFAB6908 /* BreatheView.swift in Sources */ = {isa = PBXBuildFile; fileRef = C61DFFA06EC5FD4E48E51366 /* BreatheView.swift */; };
		268B2AB605BB72C88A372E8E /* OnboardingView.swift in Sources */ = {isa = PBXBuildFile; fileRef = AD57997FF06CBA85FBAEE465 /* OnboardingView.swift */; };
		270F3F93B8AE4BD0D75FE200 /* Localizable_ja.strings in Resources */ = {isa = PBXBuildFile; fileRef = 25D253F09768437212D07FDD /* Localizable_ja.strings */; };
		29D0ED862B50C28EDFF7C695 /* SoundscapeManager.swift in Sources */ = {isa = PBXBuildFile; fileRef = 884019C0E18FD36A6FE5232C /* SoundscapeManager.swift */; };
		2D4991695563B5E3E08D8659 /* SettingsView.swift in Sources */ = {isa = PBXBuildFile; fileRef = 84C4177A1F35F0DE46C57163 /* SettingsView.swift */; };
		327924097639970A40A6F8D4 /* MuseWatchApp.swift in Sources */ = {isa = PBXBuildFile; fileRef = 46B04D612BE8A12071F28264 /* MuseWatchApp.swift */; };
		32C1E1A39C2C4A0E5B2D0751 /* Localizable_ko.strings in Resources */ = {isa = PBXBuildFile; fileRef = 92A1A581EE8E1008EBB2649C /* Localizable_ko.strings */; };
		3611EF219A8EE4DD890EED22 /* Localizable_fr.strings in Resources */ = {isa = PBXBuildFile; fileRef = 31678C47600A8B6F3188FA34 /* Localizable_fr.strings */; };
		422DB827645F712BA607015B /* SessionHistoryManager.swift in Sources */ = {isa = PBXBuildFile; fileRef = 03A307BE7415C60BA5025F09 /* SessionHistoryManager.swift */; };
		445E56999EF6C3373F5CD265 /* Localizable_es.strings in Resources */ = {isa = PBXBuildFile; fileRef = A3D90C0D678F5426D940F43A /* Localizable_es.strings */; };
		48EE47CA9E75D3A12C3E4D4B /* BreathingPattern.swift in Sources */ = {isa = PBXBuildFile; fileRef = 79F585A0A4B85250CA5C8F64 /* BreathingPattern.swift */; };
		57BAEE9961455D324CB2ACDE /* MuseR12R20Service.swift in Sources */ = {isa = PBXBuildFile; fileRef = EBB24BC8C47AA10CA2B418F9 /* MuseR12R20Service.swift */; };
		63FD0B158939F97C911FB904 /* ContentView.swift in Sources */ = {isa = PBXBuildFile; fileRef = 7BB40AE779D0213979FA206A /* ContentView.swift */; };
		6549AF16C3379219CC4A736B /* ShortcutsService.swift in Sources */ = {isa = PBXBuildFile; fileRef = 0E9F7EF53CF4B2098307E1FA /* ShortcutsService.swift */; };
		68B39B87806C333D2ADC5D7C /* Localizable_en.strings in Resources */ = {isa = PBXBuildFile; fileRef = 050339184726A4F022491AC2 /* Localizable_en.strings */; };
		721287A8E37CE5BD68873E64 /* SubscriptionManager.swift in Sources */ = {isa = PBXBuildFile; fileRef = CD4744923465160036E01665 /* SubscriptionManager.swift */; };
		7262818F7690FAC22AF577B8 /* Assets.xcassets in Resources */ = {isa = PBXBuildFile; fileRef = C0DF6F0098983064DBC362F0 /* Assets.xcassets */; };
		75B25E95577E956C19E6F8CF /* SessionHistoryView.swift in Sources */ = {isa = PBXBuildFile; fileRef = 933F8EBB68C5B6D15B27B08B /* SessionHistoryView.swift */; };
		787FED9E1646252C8D7C10AA /* WatchOrbView.swift in Sources */ = {isa = PBXBuildFile; fileRef = 58DA8724BF463AC3BFFC6319 /* WatchOrbView.swift */; };
		7E09627C11FBB967387DD459 /* Localizable_pt-BR.strings in Resources */ = {isa = PBXBuildFile; fileRef = AF7EA212ED75FE9E3E00634E /* Localizable_pt-BR.strings */; };
		8E8E2504B2E03DB1FA060B81 /* ReminderManager.swift in Sources */ = {isa = PBXBuildFile; fileRef = 4FE80C53F730B743DDCBCABC /* ReminderManager.swift */; };
		92EF47B550EB545ADC2C2D1F /* MuseApp.swift in Sources */ = {isa = PBXBuildFile; fileRef = C03531561490649BA35082E6 /* MuseApp.swift */; };
		A86BCEC6E1F8927ADFD40A56 /* BetaService.swift in Sources */ = {isa = PBXBuildFile; fileRef = 7A2DC1BA69A8238B1E3A9536 /* BetaService.swift */; };
		AF0AA1B32441AE5069C650F1 /* PricingView.swift in Sources */ = {isa = PBXBuildFile; fileRef = F8060E375435D0090B808153 /* PricingView.swift */; };
		B252B6B09BF9E9049A16BE19 /* Localizable_it.strings in Resources */ = {isa = PBXBuildFile; fileRef = A17A9E3C62D692EC82DCE497 /* Localizable_it.strings */; };
		C047D932F3DAB321C62E5483 /* HapticService.swift in Sources */ = {isa = PBXBuildFile; fileRef = 9A7E10B1A18C4E09C61EE560 /* HapticService.swift */; };
		D32C74DC887FF317CE9DB4D6 /* Assets.xcassets in Resources */ = {isa = PBXBuildFile; fileRef = 9FD9ED51CF4BFB54B18FEE1B /* Assets.xcassets */; };
		D73FC0ACC4EDC7FEDE08EED4 /* SessionType.swift in Sources */ = {isa = PBXBuildFile; fileRef = 7F501779D336B0084E4E66FE /* SessionType.swift */; };
		E46674D59279C4EFEC457D91 /* Localizable_zh-Hans.strings in Resources */ = {isa = PBXBuildFile; fileRef = 94BD68CB942FEA04D3CAEBD3 /* Localizable_zh-Hans.strings */; };
		E89807E8C663EF5172E2C3B1 /* AIInsightsView.swift in Sources */ = {isa = PBXBuildFile; fileRef = C0E8A44824C117D7744E237D /* AIInsightsView.swift */; };
		E958CABAD0737B936EB3A3C8 /* MuseR12R20.swift in Sources */ = {isa = PBXBuildFile; fileRef = 070BECE2D0DCC7229B1BEC65 /* MuseR12R20.swift */; };
		E98AA2B25D9744FC5B772C92 /* CommunityPatternsService.swift in Sources */ = {isa = PBXBuildFile; fileRef = 00C389627A97CD74C472142A /* CommunityPatternsService.swift */; };
		E99A1D88F407466964340908 /* SoundMixerView.swift in Sources */ = {isa = PBXBuildFile; fileRef = BBF79DE842A1D2F5CD15B24F /* SoundMixerView.swift */; };
		F7A140150669753634BACE7A /* BreathGuideView.swift in Sources */ = {isa = PBXBuildFile; fileRef = C98EDEDC6BCE515B8F4C1F3E /* BreathGuideView.swift */; };
		F7E46ADC381929E965EFDE07 /* CommunityPatternsView.swift in Sources */ = {isa = PBXBuildFile; fileRef = 6B6B985C6B539381AE5981E0 /* CommunityPatternsView.swift */; };
		FB8FCC9021D5E5D2AA676D29 /* AppStoreDescription.md in Resources */ = {isa = PBXBuildFile; fileRef = DD11A6225E037E9C6D5540E1 /* AppStoreDescription.md */; };
/* End PBXBuildFile section */

/* Begin PBXFileReference section */
		00C389627A97CD74C472142A /* CommunityPatternsService.swift */ = {isa = PBXFileReference; lastKnownFileType = sourcecode.swift; path = CommunityPatternsService.swift; sourceTree = "<group>"; };
		03A307BE7415C60BA5025F09 /* SessionHistoryManager.swift */ = {isa = PBXFileReference; lastKnownFileType = sourcecode.swift; path = SessionHistoryManager.swift; sourceTree = "<group>"; };
		070BECE2D0DCC7229B1BEC65 /* MuseR12R20.swift */ = {isa = PBXFileReference; lastKnownFileType = sourcecode.swift; path = MuseR12R20.swift; sourceTree = "<group>"; };
		0E9F7EF53CF4B2098307E1FA /* ShortcutsService.swift */ = {isa = PBXFileReference; lastKnownFileType = sourcecode.swift; path = ShortcutsService.swift; sourceTree = "<group>"; };
		142DB74B4AF03294DAAECDDD /* Theme.swift */ = {isa = PBXFileReference; lastKnownFileType = sourcecode.swift; path = Theme.swift; sourceTree = "<group>"; };
		25D253F09768437212D07FDD /* Localizable_ja.strings */ = {isa = PBXFileReference; lastKnownFileType = text.plist.strings; name = Localizable_ja.strings; path = ja.lproj/Localizable_ja.strings; sourceTree = "<group>"; };
		2F268D96377FC8557A689C4E /* Info.plist */ = {isa = PBXFileReference; lastKnownFileType = text.plist; path = Info.plist; sourceTree = "<group>"; };
		31678C47600A8B6F3188FA34 /* Localizable_fr.strings */ = {isa = PBXFileReference; lastKnownFileType = text.plist.strings; name = Localizable_fr.strings; path = fr.lproj/Localizable_fr.strings; sourceTree = "<group>"; };
		46B04D612BE8A12071F28264 /* MuseWatchApp.swift */ = {isa = PBXFileReference; lastKnownFileType = sourcecode.swift; path = MuseWatchApp.swift; sourceTree = "<group>"; };
		4FE80C53F730B743DDCBCABC /* ReminderManager.swift */ = {isa = PBXFileReference; lastKnownFileType = sourcecode.swift; path = ReminderManager.swift; sourceTree = "<group>"; };
		58DA8724BF463AC3BFFC6319 /* WatchOrbView.swift */ = {isa = PBXFileReference; lastKnownFileType = sourcecode.swift; path = WatchOrbView.swift; sourceTree = "<group>"; };
		66C426504B356E35C57A2FA2 /* en */ = {isa = PBXFileReference; lastKnownFileType = text.plist.strings; name = en; path = en.lproj/Localizable_en.strings; sourceTree = "<group>"; };
		6B6B985C6B539381AE5981E0 /* CommunityPatternsView.swift */ = {isa = PBXFileReference; lastKnownFileType = sourcecode.swift; path = CommunityPatternsView.swift; sourceTree = "<group>"; };
		743592788798FF5610BDF938 /* Localizable_de.strings */ = {isa = PBXFileReference; lastKnownFileType = text.plist.strings; name = Localizable_de.strings; path = de.lproj/Localizable_de.strings; sourceTree = "<group>"; };
		79F585A0A4B85250CA5C8F64 /* BreathingPattern.swift */ = {isa = PBXFileReference; lastKnownFileType = sourcecode.swift; path = BreathingPattern.swift; sourceTree = "<group>"; };
		7A2DC1BA69A8238B1E3A9536 /* BetaService.swift */ = {isa = PBXFileReference; lastKnownFileType = sourcecode.swift; path = BetaService.swift; sourceTree = "<group>"; };
		7A9EE260BD928B4392193FF0 /* AIInsightsService.swift */ = {isa = PBXFileReference; lastKnownFileType = sourcecode.swift; path = AIInsightsService.swift; sourceTree = "<group>"; };
		7BB40AE779D0213979FA206A /* ContentView.swift */ = {isa = PBXFileReference; lastKnownFileType = sourcecode.swift; path = ContentView.swift; sourceTree = "<group>"; };
		7F501779D336B0084E4E66FE /* SessionType.swift */ = {isa = PBXFileReference; lastKnownFileType = sourcecode.swift; path = SessionType.swift; sourceTree = "<group>"; };
		824D00C8F94FBA05E4969562 /* AnalyticsService.swift */ = {isa = PBXFileReference; lastKnownFileType = sourcecode.swift; path = AnalyticsService.swift; sourceTree = "<group>"; };
		834F4F70315E2B75900F555A /* PatternSelectionView.swift */ = {isa = PBXFileReference; lastKnownFileType = sourcecode.swift; path = PatternSelectionView.swift; sourceTree = "<group>"; };
		84C4177A1F35F0DE46C57163 /* SettingsView.swift */ = {isa = PBXFileReference; lastKnownFileType = sourcecode.swift; path = SettingsView.swift; sourceTree = "<group>"; };
		884019C0E18FD36A6FE5232C /* SoundscapeManager.swift */ = {isa = PBXFileReference; lastKnownFileType = sourcecode.swift; path = SoundscapeManager.swift; sourceTree = "<group>"; };
		92A1A581EE8E1008EBB2649C /* Localizable_ko.strings */ = {isa = PBXFileReference; lastKnownFileType = text.plist.strings; name = Localizable_ko.strings; path = ko.lproj/Localizable_ko.strings; sourceTree = "<group>"; };
		933F8EBB68C5B6D15B27B08B /* SessionHistoryView.swift */ = {isa = PBXFileReference; lastKnownFileType = sourcecode.swift; path = SessionHistoryView.swift; sourceTree = "<group>"; };
		94BD68CB942FEA04D3CAEBD3 /* Localizable_zh-Hans.strings */ = {isa = PBXFileReference; lastKnownFileType = text.plist.strings; name = "Localizable_zh-Hans.strings"; path = "zh-Hans.lproj/Localizable_zh-Hans.strings"; sourceTree = "<group>"; };
		9A7E10B1A18C4E09C61EE560 /* HapticService.swift */ = {isa = PBXFileReference; lastKnownFileType = sourcecode.swift; path = HapticService.swift; sourceTree = "<group>"; };
		9BA899656492D61B22F2CF36 /* Info.plist */ = {isa = PBXFileReference; lastKnownFileType = text.plist; path = Info.plist; sourceTree = "<group>"; };
		9D90BB884685E847D8CD4146 /* BreathingSession.swift */ = {isa = PBXFileReference; lastKnownFileType = sourcecode.swift; path = BreathingSession.swift; sourceTree = "<group>"; };
		9FD9ED51CF4BFB54B18FEE1B /* Assets.xcassets */ = {isa = PBXFileReference; lastKnownFileType = folder.assetcatalog; path = Assets.xcassets; sourceTree = "<group>"; };
		A17A9E3C62D692EC82DCE497 /* Localizable_it.strings */ = {isa = PBXFileReference; lastKnownFileType = text.plist.strings; name = Localizable_it.strings; path = it.lproj/Localizable_it.strings; sourceTree = "<group>"; };
		A3D90C0D678F5426D940F43A /* Localizable_es.strings */ = {isa = PBXFileReference; lastKnownFileType = text.plist.strings; name = Localizable_es.strings; path = es.lproj/Localizable_es.strings; sourceTree = "<group>"; };
		AD57997FF06CBA85FBAEE465 /* OnboardingView.swift */ = {isa = PBXFileReference; lastKnownFileType = sourcecode.swift; path = OnboardingView.swift; sourceTree = "<group>"; };
		AF7EA212ED75FE9E3E00634E /* Localizable_pt-BR.strings */ = {isa = PBXFileReference; lastKnownFileType = text.plist.strings; name = "Localizable_pt-BR.strings"; path = "pt-BR.lproj/Localizable_pt-BR.strings"; sourceTree = "<group>"; };
		AFE2722D11A443C7DE00A292 /* MuseWatch.entitlements */ = {isa = PBXFileReference; lastKnownFileType = text.plist.entitlements; path = MuseWatch.entitlements; sourceTree = "<group>"; };
		BBF79DE842A1D2F5CD15B24F /* SoundMixerView.swift */ = {isa = PBXFileReference; lastKnownFileType = sourcecode.swift; path = SoundMixerView.swift; sourceTree = "<group>"; };
		BC19E4BC618EC6F5DCBECB53 /* Muse.app */ = {isa = PBXFileReference; includeInIndex = 0; lastKnownFileType = wrapper.application; path = Muse.app; sourceTree = BUILT_PRODUCTS_DIR; };
		C03531561490649BA35082E6 /* MuseApp.swift */ = {isa = PBXFileReference; lastKnownFileType = sourcecode.swift; path = MuseApp.swift; sourceTree = "<group>"; };
		C0DF6F0098983064DBC362F0 /* Assets.xcassets */ = {isa = PBXFileReference; lastKnownFileType = folder.assetcatalog; path = Assets.xcassets; sourceTree = "<group>"; };
		C0E8A44824C117D7744E237D /* AIInsightsView.swift */ = {isa = PBXFileReference; lastKnownFileType = sourcecode.swift; path = AIInsightsView.swift; sourceTree = "<group>"; };
		C1C8FF3E9AE1E901F99A6E39 /* MuseWatch.app */ = {isa = PBXFileReference; explicitFileType = wrapper.application; includeInIndex = 0; path = MuseWatch.app; sourceTree = BUILT_PRODUCTS_DIR; };
		C61DFFA06EC5FD4E48E51366 /* BreatheView.swift */ = {isa = PBXFileReference; lastKnownFileType = sourcecode.swift; path = BreatheView.swift; sourceTree = "<group>"; };
		C98EDEDC6BCE515B8F4C1F3E /* BreathGuideView.swift */ = {isa = PBXFileReference; lastKnownFileType = sourcecode.swift; path = BreathGuideView.swift; sourceTree = "<group>"; };
		CD4744923465160036E01665 /* SubscriptionManager.swift */ = {isa = PBXFileReference; lastKnownFileType = sourcecode.swift; path = SubscriptionManager.swift; sourceTree = "<group>"; };
		D530B66C5A7054DE12CA6688 /* StreamingIntegrationService.swift */ = {isa = PBXFileReference; lastKnownFileType = sourcecode.swift; path = StreamingIntegrationService.swift; sourceTree = "<group>"; };
		DAD343657A2FD0D93BE5FA7D /* BreathingPatternVisualizerView.swift */ = {isa = PBXFileReference; lastKnownFileType = sourcecode.swift; path = BreathingPatternVisualizerView.swift; sourceTree = "<group>"; };
		DD11A6225E037E9C6D5540E1 /* AppStoreDescription.md */ = {isa = PBXFileReference; lastKnownFileType = net.daringfireball.markdown; path = AppStoreDescription.md; sourceTree = "<group>"; };
		E6331B7BDAD97770FC174ACD /* ErrorStateView.swift */ = {isa = PBXFileReference; lastKnownFileType = sourcecode.swift; path = ErrorStateView.swift; sourceTree = "<group>"; };
		E65D20E36C03A3188A11786E /* OrbView.swift */ = {isa = PBXFileReference; lastKnownFileType = sourcecode.swift; path = OrbView.swift; sourceTree = "<group>"; };
		EBB24BC8C47AA10CA2B418F9 /* MuseR12R20Service.swift */ = {isa = PBXFileReference; lastKnownFileType = sourcecode.swift; path = MuseR12R20Service.swift; sourceTree = "<group>"; };
		F8060E375435D0090B808153 /* PricingView.swift */ = {isa = PBXFileReference; lastKnownFileType = sourcecode.swift; path = PricingView.swift; sourceTree = "<group>"; };
/* End PBXFileReference section */

/* Begin PBXGroup section */
		22D6D14501CF74A791AA6C50 /* Muse */ = {
			isa = PBXGroup;
			children = (
				9BA899656492D61B22F2CF36 /* Info.plist */,
				CA65B3CA79E3B2572F8B8434 /* App */,
				AB944509EA5F6A12778C985C /* AppStore */,
				3CC4B456B97BFBA2862F5A9F /* Design */,
				2BABB39A2258E88E4DC7B4F5 /* Localization */,
				931575225EDF35F34E37ADEA /* Models */,
				DE17E162502FC3AEBEA64E94 /* Resources */,
				8C53A788492E048B4CC8D5EB /* Services */,
				57A8C8D74C0CB68A10D272F3 /* Views */,
			);
			path = Muse;
			sourceTree = "<group>";
		};
		2BABB39A2258E88E4DC7B4F5 /* Localization */ = {
			isa = PBXGroup;
			children = (
				743592788798FF5610BDF938 /* Localizable_de.strings */,
				050339184726A4F022491AC2 /* Localizable_en.strings */,
				A3D90C0D678F5426D940F43A /* Localizable_es.strings */,
				31678C47600A8B6F3188FA34 /* Localizable_fr.strings */,
				A17A9E3C62D692EC82DCE497 /* Localizable_it.strings */,
				25D253F09768437212D07FDD /* Localizable_ja.strings */,
				92A1A581EE8E1008EBB2649C /* Localizable_ko.strings */,
				AF7EA212ED75FE9E3E00634E /* Localizable_pt-BR.strings */,
				94BD68CB942FEA04D3CAEBD3 /* Localizable_zh-Hans.strings */,
			);
			path = Localization;
			sourceTree = "<group>";
		};
		3CC4B456B97BFBA2862F5A9F /* Design */ = {
			isa = PBXGroup;
			children = (
				142DB74B4AF03294DAAECDDD /* Theme.swift */,
			);
			path = Design;
			sourceTree = "<group>";
		};
		57A8C8D74C0CB68A10D272F3 /* Views */ = {
			isa = PBXGroup;
			children = (
				C0E8A44824C117D7744E237D /* AIInsightsView.swift */,
				C61DFFA06EC5FD4E48E51366 /* BreatheView.swift */,
				C98EDEDC6BCE515B8F4C1F3E /* BreathGuideView.swift */,
				DAD343657A2FD0D93BE5FA7D /* BreathingPatternVisualizerView.swift */,
				6B6B985C6B539381AE5981E0 /* CommunityPatternsView.swift */,
				E6331B7BDAD97770FC174ACD /* ErrorStateView.swift */,
				AD57997FF06CBA85FBAEE465 /* OnboardingView.swift */,
				E65D20E36C03A3188A11786E /* OrbView.swift */,
				834F4F70315E2B75900F555A /* PatternSelectionView.swift */,
				F8060E375435D0090B808153 /* PricingView.swift */,
				933F8EBB68C5B6D15B27B08B /* SessionHistoryView.swift */,
				84C4177A1F35F0DE46C57163 /* SettingsView.swift */,
				BBF79DE842A1D2F5CD15B24F /* SoundMixerView.swift */,
			);
			path = Views;
			sourceTree = "<group>";
		};
		8C53A788492E048B4CC8D5EB /* Services */ = {
			isa = PBXGroup;
			children = (
				7A9EE260BD928B4392193FF0 /* AIInsightsService.swift */,
				824D00C8F94FBA05E4969562 /* AnalyticsService.swift */,
				7A2DC1BA69A8238B1E3A9536 /* BetaService.swift */,
				00C389627A97CD74C472142A /* CommunityPatternsService.swift */,
				9A7E10B1A18C4E09C61EE560 /* HapticService.swift */,
				EBB24BC8C47AA10CA2B418F9 /* MuseR12R20Service.swift */,
				4FE80C53F730B743DDCBCABC /* ReminderManager.swift */,
				03A307BE7415C60BA5025F09 /* SessionHistoryManager.swift */,
				0E9F7EF53CF4B2098307E1FA /* ShortcutsService.swift */,
				884019C0E18FD36A6FE5232C /* SoundscapeManager.swift */,
				D530B66C5A7054DE12CA6688 /* StreamingIntegrationService.swift */,
				CD4744923465160036E01665 /* SubscriptionManager.swift */,
			);
			path = Services;
			sourceTree = "<group>";
		};
		931575225EDF35F34E37ADEA /* Models */ = {
			isa = PBXGroup;
			children = (
				79F585A0A4B85250CA5C8F64 /* BreathingPattern.swift */,
				9D90BB884685E847D8CD4146 /* BreathingSession.swift */,
				070BECE2D0DCC7229B1BEC65 /* MuseR12R20.swift */,
				7F501779D336B0084E4E66FE /* SessionType.swift */,
			);
			path = Models;
			sourceTree = "<group>";
		};
		AB944509EA5F6A12778C985C /* AppStore */ = {
			isa = PBXGroup;
			children = (
				DD11A6225E037E9C6D5540E1 /* AppStoreDescription.md */,
			);
			path = AppStore;
			sourceTree = "<group>";
		};
		CA65B3CA79E3B2572F8B8434 /* App */ = {
			isa = PBXGroup;
			children = (
				C03531561490649BA35082E6 /* MuseApp.swift */,
			);
			path = App;
			sourceTree = "<group>";
		};
		D3B9079108E669B43AAD302F = {
			isa = PBXGroup;
			children = (
				22D6D14501CF74A791AA6C50 /* Muse */,
				DAC85B32797F94E682161F12 /* MuseWatch */,
				FF2D9FB2135888FE5073E6D9 /* Products */,
			);
			sourceTree = "<group>";
		};
		DAC85B32797F94E682161F12 /* MuseWatch */ = {
			isa = PBXGroup;
			children = (
				9FD9ED51CF4BFB54B18FEE1B /* Assets.xcassets */,
				7BB40AE779D0213979FA206A /* ContentView.swift */,
				2F268D96377FC8557A689C4E /* Info.plist */,
				AFE2722D11A443C7DE00A292 /* MuseWatch.entitlements */,
				46B04D612BE8A12071F28264 /* MuseWatchApp.swift */,
				58DA8724BF463AC3BFFC6319 /* WatchOrbView.swift */,
			);
			path = MuseWatch;
			sourceTree = "<group>";
		};
		DE17E162502FC3AEBEA64E94 /* Resources */ = {
			isa = PBXGroup;
			children = (
				C0DF6F0098983064DBC362F0 /* Assets.xcassets */,
			);
			path = Resources;
			sourceTree = "<group>";
		};
		FF2D9FB2135888FE5073E6D9 /* Products */ = {
			isa = PBXGroup;
			children = (
				BC19E4BC618EC6F5DCBECB53 /* Muse.app */,
				C1C8FF3E9AE1E901F99A6E39 /* MuseWatch.app */,
			);
			name = Products;
			sourceTree = "<group>";
		};
/* End PBXGroup section */

/* Begin PBXNativeTarget section */
		2878F9B5E4E14D631E89ABC6 /* MuseWatch */ = {
			isa = PBXNativeTarget;
			buildConfigurationList = 83E26341E1D171E5752A0B19 /* Build configuration list for PBXNativeTarget "MuseWatch" */;
			buildPhases = (
				5492DC56EB5778FE8E69E6B9 /* Sources */,
				CBD88C3A0D4999E5B2E4C494 /* Resources */,
			);
			buildRules = (
			);
			dependencies = (
			);
			name = MuseWatch;
			productName = MuseWatch;
			productReference = C1C8FF3E9AE1E901F99A6E39 /* MuseWatch.app */;
			productType = "com.apple.product-type.application";
		};
		7A1B3CF64350E49F58B18BDD /* Muse */ = {
			isa = PBXNativeTarget;
			buildConfigurationList = 7541B1243E60ECA620E9D36D /* Build configuration list for PBXNativeTarget "Muse" */;
			buildPhases = (
				372BEA2738D3B462EC02C25C /* Sources */,
				94123EF6E967EA25B49BADE7 /* Resources */,
			);
			buildRules = (
			);
			dependencies = (
			);
			name = Muse;
			productName = Muse;
			productReference = BC19E4BC618EC6F5DCBECB53 /* Muse.app */;
			productType = "com.apple.product-type.application";
		};
/* End PBXNativeTarget section */

/* Begin PBXProject section */
		DB5BA94CE8E25C2F08F4D843 /* Project object */ = {
			isa = PBXProject;
			attributes = {
				BuildIndependentTargetsInParallel = YES;
				LastUpgradeCheck = 1500;
				TargetAttributes = {
					2878F9B5E4E14D631E89ABC6 = {
						DevelopmentTeam = "";
					};
					7A1B3CF64350E49F58B18BDD = {
						DevelopmentTeam = "";
					};
				};
			};
			buildConfigurationList = 655B220606E903B0FA3ED02E /* Build configuration list for PBXProject "Muse" */;
			compatibilityVersion = "Xcode 14.0";
			developmentRegion = en;
			hasScannedForEncodings = 0;
			knownRegions = (
				Base,
				de,
				en,
				es,
				fr,
				it,
				ja,
				ko,
				"pt-BR",
				"zh-Hans",
			);
			mainGroup = D3B9079108E669B43AAD302F;
			projectDirPath = "";
			projectRoot = "";
			targets = (
				7A1B3CF64350E49F58B18BDD /* Muse */,
				2878F9B5E4E14D631E89ABC6 /* MuseWatch */,
			);
		};
/* End PBXProject section */

/* Begin PBXResourcesBuildPhase section */
		94123EF6E967EA25B49BADE7 /* Resources */ = {
			isa = PBXResourcesBuildPhase;
			buildActionMask = 2147483647;
			files = (
				FB8FCC9021D5E5D2AA676D29 /* AppStoreDescription.md in Resources */,
				7262818F7690FAC22AF577B8 /* Assets.xcassets in Resources */,
				13472A34738EFC139375CD30 /* Localizable_de.strings in Resources */,
				68B39B87806C333D2ADC5D7C /* Localizable_en.strings in Resources */,
				445E56999EF6C3373F5CD265 /* Localizable_es.strings in Resources */,
				3611EF219A8EE4DD890EED22 /* Localizable_fr.strings in Resources */,
				B252B6B09BF9E9049A16BE19 /* Localizable_it.strings in Resources */,
				270F3F93B8AE4BD0D75FE200 /* Localizable_ja.strings in Resources */,
				32C1E1A39C2C4A0E5B2D0751 /* Localizable_ko.strings in Resources */,
				7E09627C11FBB967387DD459 /* Localizable_pt-BR.strings in Resources */,
				E46674D59279C4EFEC457D91 /* Localizable_zh-Hans.strings in Resources */,
			);
			runOnlyForDeploymentPostprocessing = 0;
		};
		CBD88C3A0D4999E5B2E4C494 /* Resources */ = {
			isa = PBXResourcesBuildPhase;
			buildActionMask = 2147483647;
			files = (
				D32C74DC887FF317CE9DB4D6 /* Assets.xcassets in Resources */,
			);
			runOnlyForDeploymentPostprocessing = 0;
		};
/* End PBXResourcesBuildPhase section */

/* Begin PBXSourcesBuildPhase section */
		372BEA2738D3B462EC02C25C /* Sources */ = {
			isa = PBXSourcesBuildPhase;
			buildActionMask = 2147483647;
			files = (
				1298257D7515C22F46BDCA09 /* AIInsightsService.swift in Sources */,
				E89807E8C663EF5172E2C3B1 /* AIInsightsView.swift in Sources */,
				087FF1BF1DD1C584BBAB2895 /* AnalyticsService.swift in Sources */,
				A86BCEC6E1F8927ADFD40A56 /* BetaService.swift in Sources */,
				F7A140150669753634BACE7A /* BreathGuideView.swift in Sources */,
				262A81B53F88291DBFAB6908 /* BreatheView.swift in Sources */,
				48EE47CA9E75D3A12C3E4D4B /* BreathingPattern.swift in Sources */,
				030C51C066427EEA670F8396 /* BreathingPatternVisualizerView.swift in Sources */,
				142ED1C2CEBBE479129FB3F7 /* BreathingSession.swift in Sources */,
				E98AA2B25D9744FC5B772C92 /* CommunityPatternsService.swift in Sources */,
				F7E46ADC381929E965EFDE07 /* CommunityPatternsView.swift in Sources */,
				16A15952123063900FF40533 /* ErrorStateView.swift in Sources */,
				C047D932F3DAB321C62E5483 /* HapticService.swift in Sources */,
				92EF47B550EB545ADC2C2D1F /* MuseApp.swift in Sources */,
				E958CABAD0737B936EB3A3C8 /* MuseR12R20.swift in Sources */,
				57BAEE9961455D324CB2ACDE /* MuseR12R20Service.swift in Sources */,
				268B2AB605BB72C88A372E8E /* OnboardingView.swift in Sources */,
				13D990EE6DBC8DB7ED73B53D /* OrbView.swift in Sources */,
				2520C8C1D89339BAA514F12E /* PatternSelectionView.swift in Sources */,
				AF0AA1B32441AE5069C650F1 /* PricingView.swift in Sources */,
				8E8E2504B2E03DB1FA060B81 /* ReminderManager.swift in Sources */,
				422DB827645F712BA607015B /* SessionHistoryManager.swift in Sources */,
				75B25E95577E956C19E6F8CF /* SessionHistoryView.swift in Sources */,
				D73FC0ACC4EDC7FEDE08EED4 /* SessionType.swift in Sources */,
				2D4991695563B5E3E08D8659 /* SettingsView.swift in Sources */,
				6549AF16C3379219CC4A736B /* ShortcutsService.swift in Sources */,
				E99A1D88F407466964340908 /* SoundMixerView.swift in Sources */,
				29D0ED862B50C28EDFF7C695 /* SoundscapeManager.swift in Sources */,
				00998193128D13FBAFCC9533 /* StreamingIntegrationService.swift in Sources */,
				721287A8E37CE5BD68873E64 /* SubscriptionManager.swift in Sources */,
				0CB25535BC06D2DA468C231D /* Theme.swift in Sources */,
			);
			runOnlyForDeploymentPostprocessing = 0;
		};
		5492DC56EB5778FE8E69E6B9 /* Sources */ = {
			isa = PBXSourcesBuildPhase;
			buildActionMask = 2147483647;
			files = (
				63FD0B158939F97C911FB904 /* ContentView.swift in Sources */,
				327924097639970A40A6F8D4 /* MuseWatchApp.swift in Sources */,
				787FED9E1646252C8D7C10AA /* WatchOrbView.swift in Sources */,
			);
			runOnlyForDeploymentPostprocessing = 0;
		};
/* End PBXSourcesBuildPhase section */

/* Begin PBXVariantGroup section */
		050339184726A4F022491AC2 /* Localizable_en.strings */ = {
			isa = PBXVariantGroup;
			children = (
				66C426504B356E35C57A2FA2 /* en */,
			);
			name = Localizable_en.strings;
			sourceTree = "<group>";
		};
/* End PBXVariantGroup section */

/* Begin XCBuildConfiguration section */
		14DDB25A2412575F4D43EDD8 /* Debug */ = {
			isa = XCBuildConfiguration;
			buildSettings = {
				ASSETCATALOG_COMPILER_APPICON_NAME = AppIcon;
				ASSETCATALOG_COMPILER_GLOBAL_ACCENT_COLOR_NAME = AccentColor;
				GENERATE_INFOPLIST_FILE = NO;
				INFOPLIST_FILE = MuseWatch/Info.plist;
				PRODUCT_BUNDLE_IDENTIFIER = com.muse.app.watchkitapp;
				SDKROOT = watchos;
				SKIP_INSTALL = YES;
				SWIFT_EMIT_LOC_STRINGS = YES;
				TARGETED_DEVICE_FAMILY = 4;
				WATCHOS_DEPLOYMENT_TARGET = 11.0;
				WK_COMPANION_APP_BUNDLE_IDENTIFIER = com.muse.app;
			};
			name = Debug;
		};
		1AB6118CAD1DC44E5BAB7653 /* Debug */ = {
			isa = XCBuildConfiguration;
			buildSettings = {
				ASSETCATALOG_COMPILER_APPICON_NAME = AppIcon;
				ASSETCATALOG_COMPILER_GLOBAL_ACCENT_COLOR_NAME = AccentColor;
				CODE_SIGN_IDENTITY = "iPhone Developer";
				GENERATE_INFOPLIST_FILE = NO;
				INFOPLIST_FILE = Muse/Info.plist;
				IPHONEOS_DEPLOYMENT_TARGET = 26.0;
				LD_RUNPATH_SEARCH_PATHS = (
					"$(inherited)",
					"@executable_path/Frameworks",
				);
				PRODUCT_BUNDLE_IDENTIFIER = com.muse.app;
				SDKROOT = iphoneos;
				SWIFT_EMIT_LOC_STRINGS = YES;
				TARGETED_DEVICE_FAMILY = "1,2";
			};
			name = Debug;
		};
		373ECEE8608DFF8D555878E0 /* Debug */ = {
			isa = XCBuildConfiguration;
			buildSettings = {
				ALWAYS_SEARCH_USER_PATHS = NO;
				CLANG_ANALYZER_NONNULL = YES;
				CLANG_ANALYZER_NUMBER_OBJECT_CONVERSION = YES_AGGRESSIVE;
				CLANG_CXX_LANGUAGE_STANDARD = "gnu++14";
				CLANG_CXX_LIBRARY = "libc++";
				CLANG_ENABLE_MODULES = YES;
				CLANG_ENABLE_OBJC_ARC = YES;
				CLANG_ENABLE_OBJC_WEAK = YES;
				CLANG_WARN_BLOCK_CAPTURE_AUTORELEASING = YES;
				CLANG_WARN_BOOL_CONVERSION = YES;
				CLANG_WARN_COMMA = YES;
				CLANG_WARN_CONSTANT_CONVERSION = YES;
				CLANG_WARN_DEPRECATED_OBJC_IMPLEMENTATIONS = YES;
				CLANG_WARN_DIRECT_OBJC_ISA_USAGE = YES_ERROR;
				CLANG_WARN_DOCUMENTATION_COMMENTS = YES;
				CLANG_WARN_EMPTY_BODY = YES;
				CLANG_WARN_ENUM_CONVERSION = YES;
				CLANG_WARN_INFINITE_RECURSION = YES;
				CLANG_WARN_INT_CONVERSION = YES;
				CLANG_WARN_NON_LITERAL_NULL_CONVERSION = YES;
				CLANG_WARN_OBJC_IMPLICIT_RETAIN_SELF = YES;
				CLANG_WARN_OBJC_LITERAL_CONVERSION = YES;
				CLANG_WARN_OBJC_ROOT_CLASS = YES_ERROR;
				CLANG_WARN_QUOTED_INCLUDE_IN_FRAMEWORK_HEADER = YES;
				CLANG_WARN_RANGE_LOOP_ANALYSIS = YES;
				CLANG_WARN_STRICT_PROTOTYPES = YES;
				CLANG_WARN_SUSPICIOUS_MOVE = YES;
				CLANG_WARN_UNGUARDED_AVAILABILITY = YES_AGGRESSIVE;
				CLANG_WARN_UNREACHABLE_CODE = YES;
				CLANG_WARN__DUPLICATE_METHOD_MATCH = YES;
				CODE_SIGNING_ALLOWED = NO;
				CODE_SIGNING_REQUIRED = NO;
				CODE_SIGN_IDENTITY = "";
				COPY_PHASE_STRIP = NO;
				CURRENT_PROJECT_VERSION = 1;
				DEBUG_INFORMATION_FORMAT = dwarf;
				DEVELOPMENT_TEAM = "";
				ENABLE_STRICT_OBJC_MSGSEND = YES;
				ENABLE_TESTABILITY = YES;
				GCC_C_LANGUAGE_STANDARD = gnu11;
				GCC_DYNAMIC_NO_PIC = NO;
				GCC_NO_COMMON_BLOCKS = YES;
				GCC_OPTIMIZATION_LEVEL = 0;
				GCC_PREPROCESSOR_DEFINITIONS = (
					"$(inherited)",
					"DEBUG=1",
				);
				GCC_WARN_64_TO_32_BIT_CONVERSION = YES;
				GCC_WARN_ABOUT_RETURN_TYPE = YES_ERROR;
				GCC_WARN_UNDECLARED_SELECTOR = YES;
				GCC_WARN_UNINITIALIZED_AUTOS = YES_AGGRESSIVE;
				GCC_WARN_UNUSED_FUNCTION = YES;
				GCC_WARN_UNUSED_VARIABLE = YES;
				IPHONEOS_DEPLOYMENT_TARGET = 26.0.1;
				MARKETING_VERSION = 1.0.0;
				MTL_ENABLE_DEBUG_INFO = INCLUDE_SOURCE;
				MTL_FAST_MATH = YES;
				ONLY_ACTIVE_ARCH = YES;
				PRODUCT_NAME = "$(TARGET_NAME)";
				SWIFT_ACTIVE_COMPILATION_CONDITIONS = DEBUG;
				SWIFT_OPTIMIZATION_LEVEL = "-Onone";
				SWIFT_VERSION = 5.9;
				WATCHOS_DEPLOYMENT_TARGET = 11.0;
			};
			name = Debug;
		};
		5BCC0CE94AE4A59AA35C3F2A /* Release */ = {
			isa = XCBuildConfiguration;
			buildSettings = {
				ASSETCATALOG_COMPILER_APPICON_NAME = AppIcon;
				ASSETCATALOG_COMPILER_GLOBAL_ACCENT_COLOR_NAME = AccentColor;
				GENERATE_INFOPLIST_FILE = NO;
				INFOPLIST_FILE = MuseWatch/Info.plist;
				PRODUCT_BUNDLE_IDENTIFIER = com.muse.app.watchkitapp;
				SDKROOT = watchos;
				SKIP_INSTALL = YES;
				SWIFT_EMIT_LOC_STRINGS = YES;
				TARGETED_DEVICE_FAMILY = 4;
				WATCHOS_DEPLOYMENT_TARGET = 11.0;
				WK_COMPANION_APP_BUNDLE_IDENTIFIER = com.muse.app;
			};
			name = Release;
		};
		A869368A2D98C2AA390647DC /* Release */ = {
			isa = XCBuildConfiguration;
			buildSettings = {
				ALWAYS_SEARCH_USER_PATHS = NO;
				CLANG_ANALYZER_NONNULL = YES;
				CLANG_ANALYZER_NUMBER_OBJECT_CONVERSION = YES_AGGRESSIVE;
				CLANG_CXX_LANGUAGE_STANDARD = "gnu++14";
				CLANG_CXX_LIBRARY = "libc++";
				CLANG_ENABLE_MODULES = YES;
				CLANG_ENABLE_OBJC_ARC = YES;
				CLANG_ENABLE_OBJC_WEAK = YES;
				CLANG_WARN_BLOCK_CAPTURE_AUTORELEASING = YES;
				CLANG_WARN_BOOL_CONVERSION = YES;
				CLANG_WARN_COMMA = YES;
				CLANG_WARN_CONSTANT_CONVERSION = YES;
				CLANG_WARN_DEPRECATED_OBJC_IMPLEMENTATIONS = YES;
				CLANG_WARN_DIRECT_OBJC_ISA_USAGE = YES_ERROR;
				CLANG_WARN_DOCUMENTATION_COMMENTS = YES;
				CLANG_WARN_EMPTY_BODY = YES;
				CLANG_WARN_ENUM_CONVERSION = YES;
				CLANG_WARN_INFINITE_RECURSION = YES;
				CLANG_WARN_INT_CONVERSION = YES;
				CLANG_WARN_NON_LITERAL_NULL_CONVERSION = YES;
				CLANG_WARN_OBJC_IMPLICIT_RETAIN_SELF = YES;
				CLANG_WARN_OBJC_LITERAL_CONVERSION = YES;
				CLANG_WARN_OBJC_ROOT_CLASS = YES_ERROR;
				CLANG_WARN_QUOTED_INCLUDE_IN_FRAMEWORK_HEADER = YES;
				CLANG_WARN_RANGE_LOOP_ANALYSIS = YES;
				CLANG_WARN_STRICT_PROTOTYPES = YES;
				CLANG_WARN_SUSPICIOUS_MOVE = YES;
				CLANG_WARN_UNGUARDED_AVAILABILITY = YES_AGGRESSIVE;
				CLANG_WARN_UNREACHABLE_CODE = YES;
				CLANG_WARN__DUPLICATE_METHOD_MATCH = YES;
				CODE_SIGNING_ALLOWED = NO;
				CODE_SIGNING_REQUIRED = NO;
				CODE_SIGN_IDENTITY = "";
				COPY_PHASE_STRIP = NO;
				CURRENT_PROJECT_VERSION = 1;
				DEBUG_INFORMATION_FORMAT = "dwarf-with-dsym";
				DEVELOPMENT_TEAM = "";
				ENABLE_NS_ASSERTIONS = NO;
				ENABLE_STRICT_OBJC_MSGSEND = YES;
				GCC_C_LANGUAGE_STANDARD = gnu11;
				GCC_NO_COMMON_BLOCKS = YES;
				GCC_WARN_64_TO_32_BIT_CONVERSION = YES;
				GCC_WARN_ABOUT_RETURN_TYPE = YES_ERROR;
				GCC_WARN_UNDECLARED_SELECTOR = YES;
				GCC_WARN_UNINITIALIZED_AUTOS = YES_AGGRESSIVE;
				GCC_WARN_UNUSED_FUNCTION = YES;
				GCC_WARN_UNUSED_VARIABLE = YES;
				IPHONEOS_DEPLOYMENT_TARGET = 26.0.1;
				MARKETING_VERSION = 1.0.0;
				MTL_ENABLE_DEBUG_INFO = NO;
				MTL_FAST_MATH = YES;
				PRODUCT_NAME = "$(TARGET_NAME)";
				SWIFT_COMPILATION_MODE = wholemodule;
				SWIFT_OPTIMIZATION_LEVEL = "-O";
				SWIFT_VERSION = 5.9;
				WATCHOS_DEPLOYMENT_TARGET = 11.0;
			};
			name = Release;
		};
		C52D8AF89082EC9342F1FA96 /* Release */ = {
			isa = XCBuildConfiguration;
			buildSettings = {
				ASSETCATALOG_COMPILER_APPICON_NAME = AppIcon;
				ASSETCATALOG_COMPILER_GLOBAL_ACCENT_COLOR_NAME = AccentColor;
				CODE_SIGN_IDENTITY = "iPhone Developer";
				GENERATE_INFOPLIST_FILE = NO;
				INFOPLIST_FILE = Muse/Info.plist;
				IPHONEOS_DEPLOYMENT_TARGET = 26.0;
				LD_RUNPATH_SEARCH_PATHS = (
					"$(inherited)",
					"@executable_path/Frameworks",
				);
				PRODUCT_BUNDLE_IDENTIFIER = com.muse.app;
				SDKROOT = iphoneos;
				SWIFT_EMIT_LOC_STRINGS = YES;
				TARGETED_DEVICE_FAMILY = "1,2";
			};
			name = Release;
		};
/* End XCBuildConfiguration section */

/* Begin XCConfigurationList section */
		655B220606E903B0FA3ED02E /* Build configuration list for PBXProject "Muse" */ = {
			isa = XCConfigurationList;
			buildConfigurations = (
				373ECEE8608DFF8D555878E0 /* Debug */,
				A869368A2D98C2AA390647DC /* Release */,
			);
			defaultConfigurationIsVisible = 0;
			defaultConfigurationName = Debug;
		};
		7541B1243E60ECA620E9D36D /* Build configuration list for PBXNativeTarget "Muse" */ = {
			isa = XCConfigurationList;
			buildConfigurations = (
				1AB6118CAD1DC44E5BAB7653 /* Debug */,
				C52D8AF89082EC9342F1FA96 /* Release */,
			);
			defaultConfigurationIsVisible = 0;
			defaultConfigurationName = Debug;
		};
		83E26341E1D171E5752A0B19 /* Build configuration list for PBXNativeTarget "MuseWatch" */ = {
			isa = XCConfigurationList;
			buildConfigurations = (
				14DDB25A2412575F4D43EDD8 /* Debug */,
				5BCC0CE94AE4A59AA35C3F2A /* Release */,
			);
			defaultConfigurationIsVisible = 0;
			defaultConfigurationName = Debug;
		};
/* End XCConfigurationList section */
	};
	rootObject = DB5BA94CE8E25C2F08F4D843 /* Project object */;
}
